# This file was autogenerated by Stack.
# You should not edit this file by hand.
# For more information, please see the documentation at:
#   https://docs.haskellstack.org/en/stable/lock_files

packages:
- completed:
    hackage: paths-0.2.0.0@sha256:ed9a0057874cfb5bd9b8eb37e9917f0916301c292be5f7ed398f60096454c47d,3102
    pantry-tree:
      sha256: c63341d37a664f8d2709d9f8d8266d2f1abdf62e4db7d1edc56f769bb896124e
      size: 732
  original:
    hackage: paths-0.2.0.0
snapshots:
- completed:
    sha256: 42f77c84b34f68c30c2cd0bf8c349f617a0f428264362426290847a6a2019b64
    size: 649618
    url: https://raw.githubusercontent.com/commercialhaskell/stackage-snapshots/master/lts/20/19.yaml
  original: lts-20.19
